
Microsoft Visual Studio Solution File, Format Version 12.00
# Visual Studio 15
VisualStudioVersion = 15.0.26730.16
MinimumVisualStudioVersion = 10.0.40219.1
Project("{FAE04EC0-301F-11D3-BF4B-00C04F79EFBC}") = "ServerApp", "ClientServerApp\ServerApp.csproj", "{ABA9DCDA-3180-4679-9789-1C04D4FC1212}"
EndProject
Project("{FAE04EC0-301F-11D3-BF4B-00C04F79EFBC}") = "ClientApp", "ClientApp\ClientApp.csproj", "{EF107612-1A6D-427B-9C40-9E6921353F68}"
EndProject
Global
	GlobalSection(SolutionConfigurationPlatforms) = preSolution
		Debug|Any CPU = Debug|Any CPU
		Release|Any CPU = Release|Any CPU
	EndGlobalSection
	GlobalSection(ProjectConfigurationPlatforms) = postSolution
		{ABA9DCDA-3180-4679-9789-1C04D4FC1212}.Debug|Any CPU.ActiveCfg = Debug|Any CPU
		{ABA9DCDA-3180-4679-9789-1C04D4FC1212}.Debug|Any CPU.Build.0 = Debug|Any CPU
		{ABA9DCDA-3180-4679-9789-1C04D4FC1212}.Release|Any CPU.ActiveCfg = Release|Any CPU
		{ABA9DCDA-3180-4679-9789-1C04D4FC1212}.Release|Any CPU.Build.0 = Release|Any CPU
		{EF107612-1A6D-427B-9C40-9E6921353F68}.Debug|Any CPU.ActiveCfg = Debug|Any CPU
		{EF107612-1A6D-427B-9C40-9E6921353F68}.Debug|Any CPU.Build.0 = Debug|Any CPU
		{EF107612-1A6D-427B-9C40-9E6921353F68}.Release|Any CPU.ActiveCfg = Release|Any CPU
		{EF107612-1A6D-427B-9C40-9E6921353F68}.Release|Any CPU.Build.0 = Release|Any CPU
	EndGlobalSection
	GlobalSection(SolutionProperties) = preSolution
		HideSolutionNode = FALSE
	EndGlobalSection
	GlobalSection(ExtensibilityGlobals) = postSolution
		SolutionGuid = {EE507C8E-082D-4A7B-A207-1AC8B5BF789B}
	EndGlobalSection
EndGlobal
